
Microsoft Visual Studio Solution File, Format Version 12.00
# Visual Studio Version 16
VisualStudioVersion = 16.0.30413.136
MinimumVisualStudioVersion = 10.0.40219.1
Project("{FAE04EC0-301F-11D3-BF4B-00C04F79EFBC}") = "VagaGrupElo", "VagaGrupElo.csproj", "{99BA6684-D51F-4177-ACC2-B711E0F6E475}"
EndProject
Global
	GlobalSection(SolutionConfigurationPlatforms) = preSolution
		Debug|Any CPU = Debug|Any CPU
		Release|Any CPU = Release|Any CPU
	EndGlobalSection
	GlobalSection(ProjectConfigurationPlatforms) = postSolution
		{99BA6684-D51F-4177-ACC2-B711E0F6E475}.Debug|Any CPU.ActiveCfg = Debug|Any CPU
		{99BA6684-D51F-4177-ACC2-B711E0F6E475}.Debug|Any CPU.Build.0 = Debug|Any CPU
		{99BA6684-D51F-4177-ACC2-B711E0F6E475}.Release|Any CPU.ActiveCfg = Release|Any CPU
		{99BA6684-D51F-4177-ACC2-B711E0F6E475}.Release|Any CPU.Build.0 = Release|Any CPU
	EndGlobalSection
	GlobalSection(SolutionProperties) = preSolution
		HideSolutionNode = FALSE
	EndGlobalSection
	GlobalSection(ExtensibilityGlobals) = postSolution
		SolutionGuid = {3B51C9A3-A474-499F-BD34-C6BBDE984A69}
	EndGlobalSection
EndGlobal
